// !$*UTF8*$!
{
	archiveVersion = 1;
	classes = {
	};
	objectVersion = 51;
	objects = {

/* Begin PBXBuildFile section */
		7AEA77402723732600DA9CFB /* AppDelegate.swift in Sources */ = {isa = PBXBuildFile; fileRef = 7AEA773F2723732600DA9CFB /* AppDelegate.swift */; };
		7AEA77422723732600DA9CFB /* SceneDelegate.swift in Sources */ = {isa = PBXBuildFile; fileRef = 7AEA77412723732600DA9CFB /* SceneDelegate.swift */; };
		7AEA77472723732600DA9CFB /* Main.storyboard in Resources */ = {isa = PBXBuildFile; fileRef = 7AEA77452723732600DA9CFB /* Main.storyboard */; };
		7AEA77492723732700DA9CFB /* Assets.xcassets in Resources */ = {isa = PBXBuildFile; fileRef = 7AEA77482723732700DA9CFB /* Assets.xcassets */; };
		7AEA774C2723732700DA9CFB /* LaunchScreen.storyboard in Resources */ = {isa = PBXBuildFile; fileRef = 7AEA774A2723732700DA9CFB /* LaunchScreen.storyboard */; };
		7AEA77572723732700DA9CFB /* ParstagramTests.swift in Sources */ = {isa = PBXBuildFile; fileRef = 7AEA77562723732700DA9CFB /* ParstagramTests.swift */; };
		7AEA77622723732700DA9CFB /* ParstagramUITests.swift in Sources */ = {isa = PBXBuildFile; fileRef = 7AEA77612723732700DA9CFB /* ParstagramUITests.swift */; };
		7AEA777027237B2C00DA9CFB /* LoginViewController.swift in Sources */ = {isa = PBXBuildFile; fileRef = 7AEA776F27237B2C00DA9CFB /* LoginViewController.swift */; };
		7AEA777227237B3C00DA9CFB /* FeedViewController.swift in Sources */ = {isa = PBXBuildFile; fileRef = 7AEA777127237B3C00DA9CFB /* FeedViewController.swift */; };
		7AEA7774272383F100DA9CFB /* CameraViewController.swift in Sources */ = {isa = PBXBuildFile; fileRef = 7AEA7773272383F100DA9CFB /* CameraViewController.swift */; };
		7AEA777827239E6100DA9CFB /* PostCell.swift in Sources */ = {isa = PBXBuildFile; fileRef = 7AEA777727239E6100DA9CFB /* PostCell.swift */; };
		B9AF79E1BB6D27375C501281 /* Pods_Parstagram.framework in Frameworks */ = {isa = PBXBuildFile; fileRef = EDAD74C1BDD7E0FAF402FBF4 /* Pods_Parstagram.framework */; };
/* End PBXBuildFile section */

/* Begin PBXContainerItemProxy section */
		7AEA77532723732700DA9CFB /* PBXContainerItemProxy */ = {
			isa = PBXContainerItemProxy;
			containerPortal = 7AEA77342723732500DA9CFB /* Project object */;
			proxyType = 1;
			remoteGlobalIDString = 7AEA773B2723732500DA9CFB;
			remoteInfo = Parstagram;
		};
		7AEA775E2723732700DA9CFB /* PBXContainerItemProxy */ = {
			isa = PBXContainerItemProxy;
			containerPortal = 7AEA77342723732500DA9CFB /* Project object */;
			proxyType = 1;
			remoteGlobalIDString = 7AEA773B2723732500DA9CFB;
			remoteInfo = Parstagram;
		};
/* End PBXContainerItemProxy section */

/* Begin PBXFileReference section */
		2C0E045B8F5D78CE5F25C218 /* Pods-Parstagram.release.xcconfig */ = {isa = PBXFileReference; includeInIndex = 1; lastKnownFileType = text.xcconfig; name = "Pods-Parstagram.release.xcconfig"; path = "Target Support Files/Pods-Parstagram/Pods-Parstagram.release.xcconfig"; sourceTree = "<group>"; };
		7AEA773C2723732600DA9CFB /* Parstagram.app */ = {isa = PBXFileReference; explicitFileType = wrapper.application; includeInIndex = 0; path = Parstagram.app; sourceTree = BUILT_PRODUCTS_DIR; };
		7AEA773F2723732600DA9CFB /* AppDelegate.swift */ = {isa = PBXFileReference; lastKnownFileType = sourcecode.swift; path = AppDelegate.swift; sourceTree = "<group>"; };
		7AEA77412723732600DA9CFB /* SceneDelegate.swift */ = {isa = PBXFileReference; lastKnownFileType = sourcecode.swift; path = SceneDelegate.swift; sourceTree = "<group>"; };
		7AEA77462723732600DA9CFB /* Base */ = {isa = PBXFileReference; lastKnownFileType = file.storyboard; name = Base; path = Base.lproj/Main.storyboard; sourceTree = "<group>"; };
		7AEA77482723732700DA9CFB /* Assets.xcassets */ = {isa = PBXFileReference; lastKnownFileType = folder.assetcatalog; path = Assets.xcassets; sourceTree = "<group>"; };
		7AEA774B2723732700DA9CFB /* Base */ = {isa = PBXFileReference; lastKnownFileType = file.storyboard; name = Base; path = Base.lproj/LaunchScreen.storyboard; sourceTree = "<group>"; };
		7AEA774D2723732700DA9CFB /* Info.plist */ = {isa = PBXFileReference; lastKnownFileType = text.plist.xml; path = Info.plist; sourceTree = "<group>"; };
		7AEA77522723732700DA9CFB /* ParstagramTests.xctest */ = {isa = PBXFileReference; explicitFileType = wrapper.cfbundle; includeInIndex = 0; path = ParstagramTests.xctest; sourceTree = BUILT_PRODUCTS_DIR; };
		7AEA77562723732700DA9CFB /* ParstagramTests.swift */ = {isa = PBXFileReference; lastKnownFileType = sourcecode.swift; path = ParstagramTests.swift; sourceTree = "<group>"; };
		7AEA77582723732700DA9CFB /* Info.plist */ = {isa = PBXFileReference; lastKnownFileType = text.plist.xml; path = Info.plist; sourceTree = "<group>"; };
		7AEA775D2723732700DA9CFB /* ParstagramUITests.xctest */ = {isa = PBXFileReference; explicitFileType = wrapper.cfbundle; includeInIndex = 0; path = ParstagramUITests.xctest; sourceTree = BUILT_PRODUCTS_DIR; };
		7AEA77612723732700DA9CFB /* ParstagramUITests.swift */ = {isa = PBXFileReference; lastKnownFileType = sourcecode.swift; path = ParstagramUITests.swift; sourceTree = "<group>"; };
		7AEA77632723732700DA9CFB /* Info.plist */ = {isa = PBXFileReference; lastKnownFileType = text.plist.xml; path = Info.plist; sourceTree = "<group>"; };
		7AEA776F27237B2C00DA9CFB /* LoginViewController.swift */ = {isa = PBXFileReference; lastKnownFileType = sourcecode.swift; path = LoginViewController.swift; sourceTree = "<group>"; };
		7AEA777127237B3C00DA9CFB /* FeedViewController.swift */ = {isa = PBXFileReference; lastKnownFileType = sourcecode.swift; path = FeedViewController.swift; sourceTree = "<group>"; };
		7AEA7773272383F100DA9CFB /* CameraViewController.swift */ = {isa = PBXFileReference; lastKnownFileType = sourcecode.swift; path = CameraViewController.swift; sourceTree = "<group>"; };
		7AEA777727239E6100DA9CFB /* PostCell.swift */ = {isa = PBXFileReference; lastKnownFileType = sourcecode.swift; path = PostCell.swift; sourceTree = "<group>"; };
		C12F372B7474B476D927C3AB /* Pods-Parstagram.debug.xcconfig */ = {isa = PBXFileReference; includeInIndex = 1; lastKnownFileType = text.xcconfig; name = "Pods-Parstagram.debug.xcconfig"; path = "Target Support Files/Pods-Parstagram/Pods-Parstagram.debug.xcconfig"; sourceTree = "<group>"; };
		EDAD74C1BDD7E0FAF402FBF4 /* Pods_Parstagram.framework */ = {isa = PBXFileReference; explicitFileType = wrapper.framework; includeInIndex = 0; path = Pods_Parstagram.framework; sourceTree = BUILT_PRODUCTS_DIR; };
/* End PBXFileReference section */

/* Begin PBXFrameworksBuildPhase section */
		7AEA77392723732500DA9CFB /* Frameworks */ = {
			isa = PBXFrameworksBuildPhase;
			buildActionMask = 2147483647;
			files = (
				B9AF79E1BB6D27375C501281 /* Pods_Parstagram.framework in Frameworks */,
			);
			runOnlyForDeploymentPostprocessing = 0;
		};
		7AEA774F2723732700DA9CFB /* Frameworks */ = {
			isa = PBXFrameworksBuildPhase;
			buildActionMask = 2147483647;
			files = (
			);
			runOnlyForDeploymentPostprocessing = 0;
		};
		7AEA775A2723732700DA9CFB /* Frameworks */ = {
			isa = PBXFrameworksBuildPhase;
			buildActionMask = 2147483647;
			files = (
			);
			runOnlyForDeploymentPostprocessing = 0;
		};
/* End PBXFrameworksBuildPhase section */

/* Begin PBXGroup section */
		7AEA77332723732500DA9CFB = {
			isa = PBXGroup;
			children = (
				7AEA773E2723732600DA9CFB /* Parstagram */,
				7AEA77552723732700DA9CFB /* ParstagramTests */,
				7AEA77602723732700DA9CFB /* ParstagramUITests */,
				7AEA773D2723732600DA9CFB /* Products */,
				F4F25D63CE1C13A47CEDB109 /* Pods */,
				CAE18485C40C79FE26EB2128 /* Frameworks */,
			);
			sourceTree = "<group>";
		};
		7AEA773D2723732600DA9CFB /* Products */ = {
			isa = PBXGroup;
			children = (
				7AEA773C2723732600DA9CFB /* Parstagram.app */,
				7AEA77522723732700DA9CFB /* ParstagramTests.xctest */,
				7AEA775D2723732700DA9CFB /* ParstagramUITests.xctest */,
			);
			name = Products;
			sourceTree = "<group>";
		};
		7AEA773E2723732600DA9CFB /* Parstagram */ = {
			isa = PBXGroup;
			children = (
				7AEA773F2723732600DA9CFB /* AppDelegate.swift */,
				7AEA77412723732600DA9CFB /* SceneDelegate.swift */,
				7AEA77452723732600DA9CFB /* Main.storyboard */,
				7AEA77482723732700DA9CFB /* Assets.xcassets */,
				7AEA774A2723732700DA9CFB /* LaunchScreen.storyboard */,
				7AEA774D2723732700DA9CFB /* Info.plist */,
				7AEA776F27237B2C00DA9CFB /* LoginViewController.swift */,
				7AEA777127237B3C00DA9CFB /* FeedViewController.swift */,
				7AEA7773272383F100DA9CFB /* CameraViewController.swift */,
				7AEA777727239E6100DA9CFB /* PostCell.swift */,
			);
			path = Parstagram;
			sourceTree = "<group>";
		};
		7AEA77552723732700DA9CFB /* ParstagramTests */ = {
			isa = PBXGroup;
			children = (
				7AEA77562723732700DA9CFB /* ParstagramTests.swift */,
				7AEA77582723732700DA9CFB /* Info.plist */,
			);
			path = ParstagramTests;
			sourceTree = "<group>";
		};
		7AEA77602723732700DA9CFB /* ParstagramUITests */ = {
			isa = PBXGroup;
			children = (
				7AEA77612723732700DA9CFB /* ParstagramUITests.swift */,
				7AEA77632723732700DA9CFB /* Info.plist */,
			);
			path = ParstagramUITests;
			sourceTree = "<group>";
		};
		CAE18485C40C79FE26EB2128 /* Frameworks */ = {
			isa = PBXGroup;
			children = (
				EDAD74C1BDD7E0FAF402FBF4 /* Pods_Parstagram.framework */,
			);
			name = Frameworks;
			sourceTree = "<group>";
		};
		F4F25D63CE1C13A47CEDB109 /* Pods */ = {
			isa = PBXGroup;
			children = (
				C12F372B7474B476D927C3AB /* Pods-Parstagram.debug.xcconfig */,
				2C0E045B8F5D78CE5F25C218 /* Pods-Parstagram.release.xcconfig */,
			);
			path = Pods;
			sourceTree = "<group>";
		};
/* End PBXGroup section */

/* Begin PBXNativeTarget section */
		7AEA773B2723732500DA9CFB /* Parstagram */ = {
			isa = PBXNativeTarget;
			buildConfigurationList = 7AEA77662723732700DA9CFB /* Build configuration list for PBXNativeTarget "Parstagram" */;
			buildPhases = (
				1AE0067932C94C64DCAC074B /* [CP] Check Pods Manifest.lock */,
				7AEA77382723732500DA9CFB /* Sources */,
				7AEA77392723732500DA9CFB /* Frameworks */,
				7AEA773A2723732500DA9CFB /* Resources */,
				D77298CD112F01C56719E368 /* [CP] Embed Pods Frameworks */,
			);
			buildRules = (
			);
			dependencies = (
			);
			name = Parstagram;
			productName = Parstagram;
			productReference = 7AEA773C2723732600DA9CFB /* Parstagram.app */;
			productType = "com.apple.product-type.application";
		};
		7AEA77512723732700DA9CFB /* ParstagramTests */ = {
			isa = PBXNativeTarget;
			buildConfigurationList = 7AEA77692723732700DA9CFB /* Build configuration list for PBXNativeTarget "ParstagramTests" */;
			buildPhases = (
				7AEA774E2723732700DA9CFB /* Sources */,
				7AEA774F2723732700DA9CFB /* Frameworks */,
				7AEA77502723732700DA9CFB /* Resources */,
			);
			buildRules = (
			);
			dependencies = (
				7AEA77542723732700DA9CFB /* PBXTargetDependency */,
			);
			name = ParstagramTests;
			productName = ParstagramTests;
			productReference = 7AEA77522723732700DA9CFB /* ParstagramTests.xctest */;
			productType = "com.apple.product-type.bundle.unit-test";
		};
		7AEA775C2723732700DA9CFB /* ParstagramUITests */ = {
			isa = PBXNativeTarget;
			buildConfigurationList = 7AEA776C2723732700DA9CFB /* Build configuration list for PBXNativeTarget "ParstagramUITests" */;
			buildPhases = (
				7AEA77592723732700DA9CFB /* Sources */,
				7AEA775A2723732700DA9CFB /* Frameworks */,
				7AEA775B2723732700DA9CFB /* Resources */,
			);
			buildRules = (
			);
			dependencies = (
				7AEA775F2723732700DA9CFB /* PBXTargetDependency */,
			);
			name = ParstagramUITests;
			productName = ParstagramUITests;
			productReference = 7AEA775D2723732700DA9CFB /* ParstagramUITests.xctest */;
			productType = "com.apple.product-type.bundle.ui-testing";
		};
/* End PBXNativeTarget section */

/* Begin PBXProject section */
		7AEA77342723732500DA9CFB /* Project object */ = {
			isa = PBXProject;
			attributes = {
				LastSwiftUpdateCheck = 1250;
				LastUpgradeCheck = 1250;
				TargetAttributes = {
					7AEA773B2723732500DA9CFB = {
						CreatedOnToolsVersion = 12.5.1;
					};
					7AEA77512723732700DA9CFB = {
						CreatedOnToolsVersion = 12.5.1;
						TestTargetID = 7AEA773B2723732500DA9CFB;
					};
					7AEA775C2723732700DA9CFB = {
						CreatedOnToolsVersion = 12.5.1;
						TestTargetID = 7AEA773B2723732500DA9CFB;
					};
				};
			};
			buildConfigurationList = 7AEA77372723732500DA9CFB /* Build configuration list for PBXProject "Parstagram" */;
			compatibilityVersion = "Xcode 9.3";
			developmentRegion = en;
			hasScannedForEncodings = 0;
			knownRegions = (
				en,
				Base,
			);
			mainGroup = 7AEA77332723732500DA9CFB;
			productRefGroup = 7AEA773D2723732600DA9CFB /* Products */;
			projectDirPath = "";
			projectRoot = "";
			targets = (
				7AEA773B2723732500DA9CFB /* Parstagram */,
				7AEA77512723732700DA9CFB /* ParstagramTests */,
				7AEA775C2723732700DA9CFB /* ParstagramUITests */,
			);
		};
/* End PBXProject section */

/* Begin PBXResourcesBuildPhase section */
		7AEA773A2723732500DA9CFB /* Resources */ = {
			isa = PBXResourcesBuildPhase;
			buildActionMask = 2147483647;
			files = (
				7AEA774C2723732700DA9CFB /* LaunchScreen.storyboard in Resources */,
				7AEA77492723732700DA9CFB /* Assets.xcassets in Resources */,
				7AEA77472723732600DA9CFB /* Main.storyboard in Resources */,
			);
			runOnlyForDeploymentPostprocessing = 0;
		};
		7AEA77502723732700DA9CFB /* Resources */ = {
			isa = PBXResourcesBuildPhase;
			buildActionMask = 2147483647;
			files = (
			);
			runOnlyForDeploymentPostprocessing = 0;
		};
		7AEA775B2723732700DA9CFB /* Resources */ = {
			isa = PBXResourcesBuildPhase;
			buildActionMask = 2147483647;
			files = (
			);
			runOnlyForDeploymentPostprocessing = 0;
		};
/* End PBXResourcesBuildPhase section */

/* Begin PBXShellScriptBuildPhase section */
		1AE0067932C94C64DCAC074B /* [CP] Check Pods Manifest.lock */ = {
			isa = PBXShellScriptBuildPhase;
			buildActionMask = 2147483647;
			files = (
			);
			inputFileListPaths = (
			);
			inputPaths = (
				"${PODS_PODFILE_DIR_PATH}/Podfile.lock",
				"${PODS_ROOT}/Manifest.lock",
			);
			name = "[CP] Check Pods Manifest.lock";
			outputFileListPaths = (
			);
			outputPaths = (
				"$(DERIVED_FILE_DIR)/Pods-Parstagram-checkManifestLockResult.txt",
			);
			runOnlyForDeploymentPostprocessing = 0;
			shellPath = /bin/sh;
			shellScript = "diff \"${PODS_PODFILE_DIR_PATH}/Podfile.lock\" \"${PODS_ROOT}/Manifest.lock\" > /dev/null\nif [ $? != 0 ] ; then\n    # print error to STDERR\n    echo \"error: The sandbox is not in sync with the Podfile.lock. Run 'pod install' or update your CocoaPods installation.\" >&2\n    exit 1\nfi\n# This output is used by Xcode 'outputs' to avoid re-running this script phase.\necho \"SUCCESS\" > \"${SCRIPT_OUTPUT_FILE_0}\"\n";
			showEnvVarsInLog = 0;
		};
		D77298CD112F01C56719E368 /* [CP] Embed Pods Frameworks */ = {
			isa = PBXShellScriptBuildPhase;
			buildActionMask = 2147483647;
			files = (
			);
			inputFileListPaths = (
				"${PODS_ROOT}/Target Support Files/Pods-Parstagram/Pods-Parstagram-frameworks-${CONFIGURATION}-input-files.xcfilelist",
			);
			name = "[CP] Embed Pods Frameworks";
			outputFileListPaths = (
				"${PODS_ROOT}/Target Support Files/Pods-Parstagram/Pods-Parstagram-frameworks-${CONFIGURATION}-output-files.xcfilelist",
			);
			runOnlyForDeploymentPostprocessing = 0;
			shellPath = /bin/sh;
			shellScript = "\"${PODS_ROOT}/Target Support Files/Pods-Parstagram/Pods-Parstagram-frameworks.sh\"\n";
			showEnvVarsInLog = 0;
		};
/* End PBXShellScriptBuildPhase section */

/* Begin PBXSourcesBuildPhase section */
		7AEA77382723732500DA9CFB /* Sources */ = {
			isa = PBXSourcesBuildPhase;
			buildActionMask = 2147483647;
			files = (
				7AEA777027237B2C00DA9CFB /* LoginViewController.swift in Sources */,
				7AEA7774272383F100DA9CFB /* CameraViewController.swift in Sources */,
				7AEA77402723732600DA9CFB /* AppDelegate.swift in Sources */,
				7AEA777227237B3C00DA9CFB /* FeedViewController.swift in Sources */,
				7AEA77422723732600DA9CFB /* SceneDelegate.swift in Sources */,
				7AEA777827239E6100DA9CFB /* PostCell.swift in Sources */,
			);
			runOnlyForDeploymentPostprocessing = 0;
		};
		7AEA774E2723732700DA9CFB /* Sources */ = {
			isa = PBXSourcesBuildPhase;
			buildActionMask = 2147483647;
			files = (
				7AEA77572723732700DA9CFB /* ParstagramTests.swift in Sources */,
			);
			runOnlyForDeploymentPostprocessing = 0;
		};
		7AEA77592723732700DA9CFB /* Sources */ = {
			isa = PBXSourcesBuildPhase;
			buildActionMask = 2147483647;
			files = (
				7AEA77622723732700DA9CFB /* ParstagramUITests.swift in Sources */,
			);
			runOnlyForDeploymentPostprocessing = 0;
		};
/* End PBXSourcesBuildPhase section */

/* Begin PBXTargetDependency section */
		7AEA77542723732700DA9CFB /* PBXTargetDependency */ = {
			isa = PBXTargetDependency;
			target = 7AEA773B2723732500DA9CFB /* Parstagram */;
			targetProxy = 7AEA77532723732700DA9CFB /* PBXContainerItemProxy */;
		};
		7AEA775F2723732700DA9CFB /* PBXTargetDependency */ = {
			isa = PBXTargetDependency;
			target = 7AEA773B2723732500DA9CFB /* Parstagram */;
			targetProxy = 7AEA775E2723732700DA9CFB /* PBXContainerItemProxy */;
		};
/* End PBXTargetDependency section */

/* Begin PBXVariantGroup section */
		7AEA77452723732600DA9CFB /* Main.storyboard */ = {
			isa = PBXVariantGroup;
			children = (
				7AEA77462723732600DA9CFB /* Base */,
			);
			name = Main.storyboard;
			sourceTree = "<group>";
		};
		7AEA774A2723732700DA9CFB /* LaunchScreen.storyboard */ = {
			isa = PBXVariantGroup;
			children = (
				7AEA774B2723732700DA9CFB /* Base */,
			);
			name = LaunchScreen.storyboard;
			sourceTree = "<group>";
		};
/* End PBXVariantGroup section */

/* Begin XCBuildConfiguration section */
		7AEA77642723732700DA9CFB /* Debug */ = {
			isa = XCBuildConfiguration;
			buildSettings = {
				ALWAYS_SEARCH_USER_PATHS = NO;
				CLANG_ANALYZER_NONNULL = YES;
				CLANG_ANALYZER_NUMBER_OBJECT_CONVERSION = YES_AGGRESSIVE;
				CLANG_CXX_LANGUAGE_STANDARD = "gnu++14";
				CLANG_CXX_LIBRARY = "libc++";
				CLANG_ENABLE_MODULES = YES;
				CLANG_ENABLE_OBJC_ARC = YES;
				CLANG_ENABLE_OBJC_WEAK = YES;
				CLANG_WARN_BLOCK_CAPTURE_AUTORELEASING = YES;
				CLANG_WARN_BOOL_CONVERSION = YES;
				CLANG_WARN_COMMA = YES;
				CLANG_WARN_CONSTANT_CONVERSION = YES;
				CLANG_WARN_DEPRECATED_OBJC_IMPLEMENTATIONS = YES;
				CLANG_WARN_DIRECT_OBJC_ISA_USAGE = YES_ERROR;
				CLANG_WARN_DOCUMENTATION_COMMENTS = YES;
				CLANG_WARN_EMPTY_BODY = YES;
				CLANG_WARN_ENUM_CONVERSION = YES;
				CLANG_WARN_INFINITE_RECURSION = YES;
				CLANG_WARN_INT_CONVERSION = YES;
				CLANG_WARN_NON_LITERAL_NULL_CONVERSION = YES;
				CLANG_WARN_OBJC_IMPLICIT_RETAIN_SELF = YES;
				CLANG_WARN_OBJC_LITERAL_CONVERSION = YES;
				CLANG_WARN_OBJC_ROOT_CLASS = YES_ERROR;
				CLANG_WARN_QUOTED_INCLUDE_IN_FRAMEWORK_HEADER = YES;
				CLANG_WARN_RANGE_LOOP_ANALYSIS = YES;
				CLANG_WARN_STRICT_PROTOTYPES = YES;
				CLANG_WARN_SUSPICIOUS_MOVE = YES;
				CLANG_WARN_UNGUARDED_AVAILABILITY = YES_AGGRESSIVE;
				CLANG_WARN_UNREACHABLE_CODE = YES;
				CLANG_WARN__DUPLICATE_METHOD_MATCH = YES;
				COPY_PHASE_STRIP = NO;
				DEBUG_INFORMATION_FORMAT = dwarf;
				ENABLE_STRICT_OBJC_MSGSEND = YES;
				ENABLE_TESTABILITY = YES;
				GCC_C_LANGUAGE_STANDARD = gnu11;
				GCC_DYNAMIC_NO_PIC = NO;
				GCC_NO_COMMON_BLOCKS = YES;
				GCC_OPTIMIZATION_LEVEL = 0;
				GCC_PREPROCESSOR_DEFINITIONS = (
					"DEBUG=1",
					"$(inherited)",
				);
				GCC_WARN_64_TO_32_BIT_CONVERSION = YES;
				GCC_WARN_ABOUT_RETURN_TYPE = YES_ERROR;
				GCC_WARN_UNDECLARED_SELECTOR = YES;
				GCC_WARN_UNINITIALIZED_AUTOS = YES_AGGRESSIVE;
				GCC_WARN_UNUSED_FUNCTION = YES;
				GCC_WARN_UNUSED_VARIABLE = YES;
				IPHONEOS_DEPLOYMENT_TARGET = 14.5;
				MTL_ENABLE_DEBUG_INFO = INCLUDE_SOURCE;
				MTL_FAST_MATH = YES;
				ONLY_ACTIVE_ARCH = YES;
				SDKROOT = iphoneos;
				SWIFT_ACTIVE_COMPILATION_CONDITIONS = DEBUG;
				SWIFT_OPTIMIZATION_LEVEL = "-Onone";
			};
			name = Debug;
		};
		7AEA77652723732700DA9CFB /* Release */ = {
			isa = XCBuildConfiguration;
			buildSettings = {
				ALWAYS_SEARCH_USER_PATHS = NO;
				CLANG_ANALYZER_NONNULL = YES;
				CLANG_ANALYZER_NUMBER_OBJECT_CONVERSION = YES_AGGRESSIVE;
				CLANG_CXX_LANGUAGE_STANDARD = "gnu++14";
				CLANG_CXX_LIBRARY = "libc++";
				CLANG_ENABLE_MODULES = YES;
				CLANG_ENABLE_OBJC_ARC = YES;
				CLANG_ENABLE_OBJC_WEAK = YES;
				CLANG_WARN_BLOCK_CAPTURE_AUTORELEASING = YES;
				CLANG_WARN_BOOL_CONVERSION = YES;
				CLANG_WARN_COMMA = YES;
				CLANG_WARN_CONSTANT_CONVERSION = YES;
				CLANG_WARN_DEPRECATED_OBJC_IMPLEMENTATIONS = YES;
				CLANG_WARN_DIRECT_OBJC_ISA_USAGE = YES_ERROR;
				CLANG_WARN_DOCUMENTATION_COMMENTS = YES;
				CLANG_WARN_EMPTY_BODY = YES;
				CLANG_WARN_ENUM_CONVERSION = YES;
				CLANG_WARN_INFINITE_RECURSION = YES;
				CLANG_WARN_INT_CONVERSION = YES;
				CLANG_WARN_NON_LITERAL_NULL_CONVERSION = YES;
				CLANG_WARN_OBJC_IMPLICIT_RETAIN_SELF = YES;
				CLANG_WARN_OBJC_LITERAL_CONVERSION = YES;
				CLANG_WARN_OBJC_ROOT_CLASS = YES_ERROR;
				CLANG_WARN_QUOTED_INCLUDE_IN_FRAMEWORK_HEADER = YES;
				CLANG_WARN_RANGE_LOOP_ANALYSIS = YES;
				CLANG_WARN_STRICT_PROTOTYPES = YES;
				CLANG_WARN_SUSPICIOUS_MOVE = YES;
				CLANG_WARN_UNGUARDED_AVAILABILITY = YES_AGGRESSIVE;
				CLANG_WARN_UNREACHABLE_CODE = YES;
				CLANG_WARN__DUPLICATE_METHOD_MATCH = YES;
				COPY_PHASE_STRIP = NO;
				DEBUG_INFORMATION_FORMAT = "dwarf-with-dsym";
				ENABLE_NS_ASSERTIONS = NO;
				ENABLE_STRICT_OBJC_MSGSEND = YES;
				GCC_C_LANGUAGE_STANDARD = gnu11;
				GCC_NO_COMMON_BLOCKS = YES;
				GCC_WARN_64_TO_32_BIT_CONVERSION = YES;
				GCC_WARN_ABOUT_RETURN_TYPE = YES_ERROR;
				GCC_WARN_UNDECLARED_SELECTOR = YES;
				GCC_WARN_UNINITIALIZED_AUTOS = YES_AGGRESSIVE;
				GCC_WARN_UNUSED_FUNCTION = YES;
				GCC_WARN_UNUSED_VARIABLE = YES;
				IPHONEOS_DEPLOYMENT_TARGET = 14.5;
				MTL_ENABLE_DEBUG_INFO = NO;
				MTL_FAST_MATH = YES;
				SDKROOT = iphoneos;
				SWIFT_COMPILATION_MODE = wholemodule;
				SWIFT_OPTIMIZATION_LEVEL = "-O";
				VALIDATE_PRODUCT = YES;
			};
			name = Release;
		};
		7AEA77672723732700DA9CFB /* Debug */ = {
			isa = XCBuildConfiguration;
			baseConfigurationReference = C12F372B7474B476D927C3AB /* Pods-Parstagram.debug.xcconfig */;
			buildSettings = {
				ASSETCATALOG_COMPILER_APPICON_NAME = AppIcon;
				ASSETCATALOG_COMPILER_GLOBAL_ACCENT_COLOR_NAME = AccentColor;
				CODE_SIGN_STYLE = Automatic;
				DEVELOPMENT_TEAM = 3C69GK97ZA;
				INFOPLIST_FILE = Parstagram/Info.plist;
				LD_RUNPATH_SEARCH_PATHS = (
					"$(inherited)",
					"@executable_path/Frameworks",
				);
				PRODUCT_BUNDLE_IDENTIFIER = com.madisonshimbo.Parstagram;
				PRODUCT_NAME = "$(TARGET_NAME)";
				SWIFT_VERSION = 5.0;
				TARGETED_DEVICE_FAMILY = "1,2";
			};
			name = Debug;
		};
		7AEA77682723732700DA9CFB /* Release */ = {
			isa = XCBuildConfiguration;
			baseConfigurationReference = 2C0E045B8F5D78CE5F25C218 /* Pods-Parstagram.release.xcconfig */;
			buildSettings = {
				ASSETCATALOG_COMPILER_APPICON_NAME = AppIcon;
				ASSETCATALOG_COMPILER_GLOBAL_ACCENT_COLOR_NAME = AccentColor;
				CODE_SIGN_STYLE = Automatic;
				DEVELOPMENT_TEAM = 3C69GK97ZA;
				INFOPLIST_FILE = Parstagram/Info.plist;
				LD_RUNPATH_SEARCH_PATHS = (
					"$(inherited)",
					"@executable_path/Frameworks",
				);
				PRODUCT_BUNDLE_IDENTIFIER = com.madisonshimbo.Parstagram;
				PRODUCT_NAME = "$(TARGET_NAME)";
				SWIFT_VERSION = 5.0;
				TARGETED_DEVICE_FAMILY = "1,2";
			};
			name = Release;
		};
		7AEA776A2723732700DA9CFB /* Debug */ = {
			isa = XCBuildConfiguration;
			buildSettings = {
				ALWAYS_EMBED_SWIFT_STANDARD_LIBRARIES = YES;
				BUNDLE_LOADER = "$(TEST_HOST)";
				CODE_SIGN_STYLE = Automatic;
				DEVELOPMENT_TEAM = 3C69GK97ZA;
				INFOPLIST_FILE = ParstagramTests/Info.plist;
				IPHONEOS_DEPLOYMENT_TARGET = 14.5;
				LD_RUNPATH_SEARCH_PATHS = (
					"$(inherited)",
					"@executable_path/Frameworks",
					"@loader_path/Frameworks",
				);
				PRODUCT_BUNDLE_IDENTIFIER = com.madisonshimbo.ParstagramTests;
				PRODUCT_NAME = "$(TARGET_NAME)";
				SWIFT_VERSION = 5.0;
				TARGETED_DEVICE_FAMILY = "1,2";
				TEST_HOST = "$(BUILT_PRODUCTS_DIR)/Parstagram.app/Parstagram";
			};
			name = Debug;
		};
		7AEA776B2723732700DA9CFB /* Release */ = {
			isa = XCBuildConfiguration;
			buildSettings = {
				ALWAYS_EMBED_SWIFT_STANDARD_LIBRARIES = YES;
				BUNDLE_LOADER = "$(TEST_HOST)";
				CODE_SIGN_STYLE = Automatic;
				DEVELOPMENT_TEAM = 3C69GK97ZA;
				INFOPLIST_FILE = ParstagramTests/Info.plist;
				IPHONEOS_DEPLOYMENT_TARGET = 14.5;
				LD_RUNPATH_SEARCH_PATHS = (
					"$(inherited)",
					"@executable_path/Frameworks",
					"@loader_path/Frameworks",
				);
				PRODUCT_BUNDLE_IDENTIFIER = com.madisonshimbo.ParstagramTests;
				PRODUCT_NAME = "$(TARGET_NAME)";
				SWIFT_VERSION = 5.0;
				TARGETED_DEVICE_FAMILY = "1,2";
				TEST_HOST = "$(BUILT_PRODUCTS_DIR)/Parstagram.app/Parstagram";
			};
			name = Release;
		};
		7AEA776D2723732700DA9CFB /* Debug */ = {
			isa = XCBuildConfiguration;
			buildSettings = {
				ALWAYS_EMBED_SWIFT_STANDARD_LIBRARIES = YES;
				CODE_SIGN_STYLE = Automatic;
				DEVELOPMENT_TEAM = 3C69GK97ZA;
				INFOPLIST_FILE = ParstagramUITests/Info.plist;
				LD_RUNPATH_SEARCH_PATHS = (
					"$(inherited)",
					"@executable_path/Frameworks",
					"@loader_path/Frameworks",
				);
				PRODUCT_BUNDLE_IDENTIFIER = com.madisonshimbo.ParstagramUITests;
				PRODUCT_NAME = "$(TARGET_NAME)";
				SWIFT_VERSION = 5.0;
				TARGETED_DEVICE_FAMILY = "1,2";
				TEST_TARGET_NAME = Parstagram;
			};
			name = Debug;
		};
		7AEA776E2723732700DA9CFB /* Release */ = {
			isa = XCBuildConfiguration;
			buildSettings = {
				ALWAYS_EMBED_SWIFT_STANDARD_LIBRARIES = YES;
				CODE_SIGN_STYLE = Automatic;
				DEVELOPMENT_TEAM = 3C69GK97ZA;
				INFOPLIST_FILE = ParstagramUITests/Info.plist;
				LD_RUNPATH_SEARCH_PATHS = (
					"$(inherited)",
					"@executable_path/Frameworks",
					"@loader_path/Frameworks",
				);
				PRODUCT_BUNDLE_IDENTIFIER = com.madisonshimbo.ParstagramUITests;
				PRODUCT_NAME = "$(TARGET_NAME)";
				SWIFT_VERSION = 5.0;
				TARGETED_DEVICE_FAMILY = "1,2";
				TEST_TARGET_NAME = Parstagram;
			};
			name = Release;
		};
/* End XCBuildConfiguration section */

/* Begin XCConfigurationList section */
		7AEA77372723732500DA9CFB /* Build configuration list for PBXProject "Parstagram" */ = {
			isa = XCConfigurationList;
			buildConfigurations = (
				7AEA77642723732700DA9CFB /* Debug */,
				7AEA77652723732700DA9CFB /* Release */,
			);
			defaultConfigurationIsVisible = 0;
			defaultConfigurationName = Release;
		};
		7AEA77662723732700DA9CFB /* Build configuration list for PBXNativeTarget "Parstagram" */ = {
			isa = XCConfigurationList;
			buildConfigurations = (
				7AEA77672723732700DA9CFB /* Debug */,
				7AEA77682723732700DA9CFB /* Release */,
			);
			defaultConfigurationIsVisible = 0;
			defaultConfigurationName = Release;
		};
		7AEA77692723732700DA9CFB /* Build configuration list for PBXNativeTarget "ParstagramTests" */ = {
			isa = XCConfigurationList;
			buildConfigurations = (
				7AEA776A2723732700DA9CFB /* Debug */,
				7AEA776B2723732700DA9CFB /* Release */,
			);
			defaultConfigurationIsVisible = 0;
			defaultConfigurationName = Release;
		};
		7AEA776C2723732700DA9CFB /* Build configuration list for PBXNativeTarget "ParstagramUITests" */ = {
			isa = XCConfigurationList;
			buildConfigurations = (
				7AEA776D2723732700DA9CFB /* Debug */,
				7AEA776E2723732700DA9CFB /* Release */,
			);
			defaultConfigurationIsVisible = 0;
			defaultConfigurationName = Release;
		};
/* End XCConfigurationList section */
	};
	rootObject = 7AEA77342723732500DA9CFB /* Project object */;
}
